
Microsoft Visual Studio Solution File, Format Version 12.00
# Visual Studio Version 17
VisualStudioVersion = 17.14.36414.22 d17.14
MinimumVisualStudioVersion = 10.0.40219.1
Project("{FAE04EC0-301F-11D3-BF4B-00C04F79EFBC}") = "PortfolioApp", "PortfolioApp.csproj", "{83CD8696-ED08-406F-A781-335776884C7B}"
EndProject
Global
	GlobalSection(SolutionConfigurationPlatforms) = preSolution
		Debug|Any CPU = Debug|Any CPU
		Release|Any CPU = Release|Any CPU
	EndGlobalSection
	GlobalSection(ProjectConfigurationPlatforms) = postSolution
		{83CD8696-ED08-406F-A781-335776884C7B}.Debug|Any CPU.ActiveCfg = Debug|Any CPU
		{83CD8696-ED08-406F-A781-335776884C7B}.Debug|Any CPU.Build.0 = Debug|Any CPU
		{83CD8696-ED08-406F-A781-335776884C7B}.Release|Any CPU.ActiveCfg = Release|Any CPU
		{83CD8696-ED08-406F-A781-335776884C7B}.Release|Any CPU.Build.0 = Release|Any CPU
	EndGlobalSection
	GlobalSection(SolutionProperties) = preSolution
		HideSolutionNode = FALSE
	EndGlobalSection
	GlobalSection(ExtensibilityGlobals) = postSolution
		SolutionGuid = {72E05971-7B9C-4C87-B4F0-F44ACAC9452B}
	EndGlobalSection
EndGlobal
